
Microsoft Visual Studio Solution File, Format Version 12.00
# Visual Studio 15
VisualStudioVersion = 15.0.27703.2026
MinimumVisualStudioVersion = 10.0.40219.1
Project("{FAE04EC0-301F-11D3-BF4B-00C04F79EFBC}") = "HydroponicsGrowthSync", "HydroponicsGrowthSync\HydroponicsGrowthSync.csproj", "{48701804-B385-40B8-8637-4DBACAA8373F}"
EndProject
Global
	GlobalSection(SolutionConfigurationPlatforms) = preSolution
		Debug|Any CPU = Debug|Any CPU
		Release|Any CPU = Release|Any CPU
	EndGlobalSection
	GlobalSection(ProjectConfigurationPlatforms) = postSolution
		{48701804-B385-40B8-8637-4DBACAA8373F}.Debug|Any CPU.ActiveCfg = Debug|Any CPU
		{48701804-B385-40B8-8637-4DBACAA8373F}.Debug|Any CPU.Build.0 = Debug|Any CPU
		{48701804-B385-40B8-8637-4DBACAA8373F}.Release|Any CPU.ActiveCfg = Release|Any CPU
		{48701804-B385-40B8-8637-4DBACAA8373F}.Release|Any CPU.Build.0 = Release|Any CPU
	EndGlobalSection
	GlobalSection(SolutionProperties) = preSolution
		HideSolutionNode = FALSE
	EndGlobalSection
	GlobalSection(ExtensibilityGlobals) = postSolution
		SolutionGuid = {DDF5B7E3-BDDB-4F5B-B99F-32AFBB3C4F30}
	EndGlobalSection
EndGlobal
